// !$*UTF8*$!
{
	archiveVersion = 1;
	classes = {
	};
	objectVersion = 48;
	objects = {

/* Begin PBXBuildFile section */
		8A8E3D53200BF5880054910D /* AppDelegate.swift in Sources */ = {isa = PBXBuildFile; fileRef = 8A8E3D52200BF5880054910D /* AppDelegate.swift */; };
		8A8E3D55200BF5880054910D /* MainScreenViewController.swift in Sources */ = {isa = PBXBuildFile; fileRef = 8A8E3D54200BF5880054910D /* MainScreenViewController.swift */; };
		8A8E3D58200BF5880054910D /* Main.storyboard in Resources */ = {isa = PBXBuildFile; fileRef = 8A8E3D56200BF5880054910D /* Main.storyboard */; };
		8A8E3D5A200BF5880054910D /* Assets.xcassets in Resources */ = {isa = PBXBuildFile; fileRef = 8A8E3D59200BF5880054910D /* Assets.xcassets */; };
		8A8E3D68200BF5880054910D /* DecisionHelperTests.swift in Sources */ = {isa = PBXBuildFile; fileRef = 8A8E3D67200BF5880054910D /* DecisionHelperTests.swift */; };
		8A8E3D73200BF5890054910D /* DecisionHelperUITests.swift in Sources */ = {isa = PBXBuildFile; fileRef = 8A8E3D72200BF5890054910D /* DecisionHelperUITests.swift */; };
		8AB426882013956A001B7B7D /* Option.swift in Sources */ = {isa = PBXBuildFile; fileRef = 8AB426872013956A001B7B7D /* Option.swift */; };
		8AB4268A20139AAE001B7B7D /* Decision.swift in Sources */ = {isa = PBXBuildFile; fileRef = 8AB4268920139AAE001B7B7D /* Decision.swift */; };
		8AB4268C20150FBD001B7B7D /* OptionsComparisonTableViewController.swift in Sources */ = {isa = PBXBuildFile; fileRef = 8AB4268B20150FBD001B7B7D /* OptionsComparisonTableViewController.swift */; };
		8AD643EE200EA79D00C469F7 /* OptionsCriteriaTableViewController.swift in Sources */ = {isa = PBXBuildFile; fileRef = 8AD643ED200EA79D00C469F7 /* OptionsCriteriaTableViewController.swift */; };
		8AE7398F20138FEE00C71473 /* Criteria.swift in Sources */ = {isa = PBXBuildFile; fileRef = 8AE7398E20138FEE00C71473 /* Criteria.swift */; };
/* End PBXBuildFile section */

/* Begin PBXContainerItemProxy section */
		8A8E3D64200BF5880054910D /* PBXContainerItemProxy */ = {
			isa = PBXContainerItemProxy;
			containerPortal = 8A8E3D47200BF5880054910D /* Project object */;
			proxyType = 1;
			remoteGlobalIDString = 8A8E3D4E200BF5880054910D;
			remoteInfo = DecisionHelper;
		};
		8A8E3D6F200BF5890054910D /* PBXContainerItemProxy */ = {
			isa = PBXContainerItemProxy;
			containerPortal = 8A8E3D47200BF5880054910D /* Project object */;
			proxyType = 1;
			remoteGlobalIDString = 8A8E3D4E200BF5880054910D;
			remoteInfo = DecisionHelper;
		};
/* End PBXContainerItemProxy section */

/* Begin PBXFileReference section */
		8A8E3D4F200BF5880054910D /* DecisionHelper.app */ = {isa = PBXFileReference; explicitFileType = wrapper.application; includeInIndex = 0; path = DecisionHelper.app; sourceTree = BUILT_PRODUCTS_DIR; };
		8A8E3D52200BF5880054910D /* AppDelegate.swift */ = {isa = PBXFileReference; lastKnownFileType = sourcecode.swift; path = AppDelegate.swift; sourceTree = "<group>"; };
		8A8E3D54200BF5880054910D /* MainScreenViewController.swift */ = {isa = PBXFileReference; lastKnownFileType = sourcecode.swift; path = MainScreenViewController.swift; sourceTree = "<group>"; };
		8A8E3D57200BF5880054910D /* Base */ = {isa = PBXFileReference; lastKnownFileType = file.storyboard; name = Base; path = Base.lproj/Main.storyboard; sourceTree = "<group>"; };
		8A8E3D59200BF5880054910D /* Assets.xcassets */ = {isa = PBXFileReference; lastKnownFileType = folder.assetcatalog; path = Assets.xcassets; sourceTree = "<group>"; };
		8A8E3D5E200BF5880054910D /* Info.plist */ = {isa = PBXFileReference; lastKnownFileType = text.plist.xml; path = Info.plist; sourceTree = "<group>"; };
		8A8E3D63200BF5880054910D /* DecisionHelperTests.xctest */ = {isa = PBXFileReference; explicitFileType = wrapper.cfbundle; includeInIndex = 0; path = DecisionHelperTests.xctest; sourceTree = BUILT_PRODUCTS_DIR; };
		8A8E3D67200BF5880054910D /* DecisionHelperTests.swift */ = {isa = PBXFileReference; lastKnownFileType = sourcecode.swift; path = DecisionHelperTests.swift; sourceTree = "<group>"; };
		8A8E3D69200BF5880054910D /* Info.plist */ = {isa = PBXFileReference; lastKnownFileType = text.plist.xml; path = Info.plist; sourceTree = "<group>"; };
		8A8E3D6E200BF5890054910D /* DecisionHelperUITests.xctest */ = {isa = PBXFileReference; explicitFileType = wrapper.cfbundle; includeInIndex = 0; path = DecisionHelperUITests.xctest; sourceTree = BUILT_PRODUCTS_DIR; };
		8A8E3D72200BF5890054910D /* DecisionHelperUITests.swift */ = {isa = PBXFileReference; lastKnownFileType = sourcecode.swift; path = DecisionHelperUITests.swift; sourceTree = "<group>"; };
		8A8E3D74200BF5890054910D /* Info.plist */ = {isa = PBXFileReference; lastKnownFileType = text.plist.xml; path = Info.plist; sourceTree = "<group>"; };
		8AB426872013956A001B7B7D /* Option.swift */ = {isa = PBXFileReference; lastKnownFileType = sourcecode.swift; path = Option.swift; sourceTree = "<group>"; };
		8AB4268920139AAE001B7B7D /* Decision.swift */ = {isa = PBXFileReference; lastKnownFileType = sourcecode.swift; path = Decision.swift; sourceTree = "<group>"; };
		8AB4268B20150FBD001B7B7D /* OptionsComparisonTableViewController.swift */ = {isa = PBXFileReference; lastKnownFileType = sourcecode.swift; path = OptionsComparisonTableViewController.swift; sourceTree = "<group>"; };
		8AD643ED200EA79D00C469F7 /* OptionsCriteriaTableViewController.swift */ = {isa = PBXFileReference; lastKnownFileType = sourcecode.swift; path = OptionsCriteriaTableViewController.swift; sourceTree = "<group>"; };
		8AE7398E20138FEE00C71473 /* Criteria.swift */ = {isa = PBXFileReference; lastKnownFileType = sourcecode.swift; path = Criteria.swift; sourceTree = "<group>"; };
/* End PBXFileReference section */

/* Begin PBXFrameworksBuildPhase section */
		8A8E3D4C200BF5880054910D /* Frameworks */ = {
			isa = PBXFrameworksBuildPhase;
			buildActionMask = 2147483647;
			files = (
			);
			runOnlyForDeploymentPostprocessing = 0;
		};
		8A8E3D60200BF5880054910D /* Frameworks */ = {
			isa = PBXFrameworksBuildPhase;
			buildActionMask = 2147483647;
			files = (
			);
			runOnlyForDeploymentPostprocessing = 0;
		};
		8A8E3D6B200BF5890054910D /* Frameworks */ = {
			isa = PBXFrameworksBuildPhase;
			buildActionMask = 2147483647;
			files = (
			);
			runOnlyForDeploymentPostprocessing = 0;
		};
/* End PBXFrameworksBuildPhase section */

/* Begin PBXGroup section */
		8A8E3D46200BF5880054910D = {
			isa = PBXGroup;
			children = (
				8A8E3D51200BF5880054910D /* DecisionHelper */,
				8A8E3D66200BF5880054910D /* DecisionHelperTests */,
				8A8E3D71200BF5890054910D /* DecisionHelperUITests */,
				8A8E3D50200BF5880054910D /* Products */,
			);
			sourceTree = "<group>";
		};
		8A8E3D50200BF5880054910D /* Products */ = {
			isa = PBXGroup;
			children = (
				8A8E3D4F200BF5880054910D /* DecisionHelper.app */,
				8A8E3D63200BF5880054910D /* DecisionHelperTests.xctest */,
				8A8E3D6E200BF5890054910D /* DecisionHelperUITests.xctest */,
			);
			name = Products;
			sourceTree = "<group>";
		};
		8A8E3D51200BF5880054910D /* DecisionHelper */ = {
			isa = PBXGroup;
			children = (
				8AE7398D20138F0200C71473 /* Models */,
				8AE7398C20138E6D00C71473 /* ViewControllers */,
				8A8E3D52200BF5880054910D /* AppDelegate.swift */,
				8A8E3D56200BF5880054910D /* Main.storyboard */,
				8A8E3D59200BF5880054910D /* Assets.xcassets */,
				8A8E3D5E200BF5880054910D /* Info.plist */,
			);
			path = DecisionHelper;
			sourceTree = "<group>";
		};
		8A8E3D66200BF5880054910D /* DecisionHelperTests */ = {
			isa = PBXGroup;
			children = (
				8A8E3D67200BF5880054910D /* DecisionHelperTests.swift */,
				8A8E3D69200BF5880054910D /* Info.plist */,
			);
			path = DecisionHelperTests;
			sourceTree = "<group>";
		};
		8A8E3D71200BF5890054910D /* DecisionHelperUITests */ = {
			isa = PBXGroup;
			children = (
				8A8E3D72200BF5890054910D /* DecisionHelperUITests.swift */,
				8A8E3D74200BF5890054910D /* Info.plist */,
			);
			path = DecisionHelperUITests;
			sourceTree = "<group>";
		};
		8AE7398C20138E6D00C71473 /* ViewControllers */ = {
			isa = PBXGroup;
			children = (
				8AB4268B20150FBD001B7B7D /* OptionsComparisonTableViewController.swift */,
				8A8E3D54200BF5880054910D /* MainScreenViewController.swift */,
				8AD643ED200EA79D00C469F7 /* OptionsCriteriaTableViewController.swift */,
			);
			path = ViewControllers;
			sourceTree = "<group>";
		};
		8AE7398D20138F0200C71473 /* Models */ = {
			isa = PBXGroup;
			children = (
				8AE7398E20138FEE00C71473 /* Criteria.swift */,
				8AB426872013956A001B7B7D /* Option.swift */,
				8AB4268920139AAE001B7B7D /* Decision.swift */,
			);
			path = Models;
			sourceTree = "<group>";
		};
/* End PBXGroup section */

/* Begin PBXNativeTarget section */
		8A8E3D4E200BF5880054910D /* DecisionHelper */ = {
			isa = PBXNativeTarget;
			buildConfigurationList = 8A8E3D77200BF5890054910D /* Build configuration list for PBXNativeTarget "DecisionHelper" */;
			buildPhases = (
				8A8E3D4B200BF5880054910D /* Sources */,
				8A8E3D4C200BF5880054910D /* Frameworks */,
				8A8E3D4D200BF5880054910D /* Resources */,
			);
			buildRules = (
			);
			dependencies = (
			);
			name = DecisionHelper;
			productName = DecisionHelper;
			productReference = 8A8E3D4F200BF5880054910D /* DecisionHelper.app */;
			productType = "com.apple.product-type.application";
		};
		8A8E3D62200BF5880054910D /* DecisionHelperTests */ = {
			isa = PBXNativeTarget;
			buildConfigurationList = 8A8E3D7A200BF5890054910D /* Build configuration list for PBXNativeTarget "DecisionHelperTests" */;
			buildPhases = (
				8A8E3D5F200BF5880054910D /* Sources */,
				8A8E3D60200BF5880054910D /* Frameworks */,
				8A8E3D61200BF5880054910D /* Resources */,
			);
			buildRules = (
			);
			dependencies = (
				8A8E3D65200BF5880054910D /* PBXTargetDependency */,
			);
			name = DecisionHelperTests;
			productName = DecisionHelperTests;
			productReference = 8A8E3D63200BF5880054910D /* DecisionHelperTests.xctest */;
			productType = "com.apple.product-type.bundle.unit-test";
		};
		8A8E3D6D200BF5890054910D /* DecisionHelperUITests */ = {
			isa = PBXNativeTarget;
			buildConfigurationList = 8A8E3D7D200BF5890054910D /* Build configuration list for PBXNativeTarget "DecisionHelperUITests" */;
			buildPhases = (
				8A8E3D6A200BF5890054910D /* Sources */,
				8A8E3D6B200BF5890054910D /* Frameworks */,
				8A8E3D6C200BF5890054910D /* Resources */,
			);
			buildRules = (
			);
			dependencies = (
				8A8E3D70200BF5890054910D /* PBXTargetDependency */,
			);
			name = DecisionHelperUITests;
			productName = DecisionHelperUITests;
			productReference = 8A8E3D6E200BF5890054910D /* DecisionHelperUITests.xctest */;
			productType = "com.apple.product-type.bundle.ui-testing";
		};
/* End PBXNativeTarget section */

/* Begin PBXProject section */
		8A8E3D47200BF5880054910D /* Project object */ = {
			isa = PBXProject;
			attributes = {
				LastSwiftUpdateCheck = 0900;
				LastUpgradeCheck = 0900;
				ORGANIZATIONNAME = "ALEXEY ALTUNIN";
				TargetAttributes = {
					8A8E3D4E200BF5880054910D = {
						CreatedOnToolsVersion = 9.0;
						ProvisioningStyle = Automatic;
					};
					8A8E3D62200BF5880054910D = {
						CreatedOnToolsVersion = 9.0;
						ProvisioningStyle = Automatic;
						TestTargetID = 8A8E3D4E200BF5880054910D;
					};
					8A8E3D6D200BF5890054910D = {
						CreatedOnToolsVersion = 9.0;
						ProvisioningStyle = Automatic;
						TestTargetID = 8A8E3D4E200BF5880054910D;
					};
				};
			};
			buildConfigurationList = 8A8E3D4A200BF5880054910D /* Build configuration list for PBXProject "DecisionHelper" */;
			compatibilityVersion = "Xcode 8.0";
			developmentRegion = en;
			hasScannedForEncodings = 0;
			knownRegions = (
				en,
				Base,
			);
			mainGroup = 8A8E3D46200BF5880054910D;
			productRefGroup = 8A8E3D50200BF5880054910D /* Products */;
			projectDirPath = "";
			projectRoot = "";
			targets = (
				8A8E3D4E200BF5880054910D /* DecisionHelper */,
				8A8E3D62200BF5880054910D /* DecisionHelperTests */,
				8A8E3D6D200BF5890054910D /* DecisionHelperUITests */,
			);
		};
/* End PBXProject section */

/* Begin PBXResourcesBuildPhase section */
		8A8E3D4D200BF5880054910D /* Resources */ = {
			isa = PBXResourcesBuildPhase;
			buildActionMask = 2147483647;
			files = (
				8A8E3D5A200BF5880054910D /* Assets.xcassets in Resources */,
				8A8E3D58200BF5880054910D /* Main.storyboard in Resources */,
			);
			runOnlyForDeploymentPostprocessing = 0;
		};
		8A8E3D61200BF5880054910D /* Resources */ = {
			isa = PBXResourcesBuildPhase;
			buildActionMask = 2147483647;
			files = (
			);
			runOnlyForDeploymentPostprocessing = 0;
		};
		8A8E3D6C200BF5890054910D /* Resources */ = {
			isa = PBXResourcesBuildPhase;
			buildActionMask = 2147483647;
			files = (
			);
			runOnlyForDeploymentPostprocessing = 0;
		};
/* End PBXResourcesBuildPhase section */

/* Begin PBXSourcesBuildPhase section */
		8A8E3D4B200BF5880054910D /* Sources */ = {
			isa = PBXSourcesBuildPhase;
			buildActionMask = 2147483647;
			files = (
				8AE7398F20138FEE00C71473 /* Criteria.swift in Sources */,
				8A8E3D55200BF5880054910D /* MainScreenViewController.swift in Sources */,
				8AD643EE200EA79D00C469F7 /* OptionsCriteriaTableViewController.swift in Sources */,
				8AB426882013956A001B7B7D /* Option.swift in Sources */,
				8A8E3D53200BF5880054910D /* AppDelegate.swift in Sources */,
				8AB4268A20139AAE001B7B7D /* Decision.swift in Sources */,
				8AB4268C20150FBD001B7B7D /* OptionsComparisonTableViewController.swift in Sources */,
			);
			runOnlyForDeploymentPostprocessing = 0;
		};
		8A8E3D5F200BF5880054910D /* Sources */ = {
			isa = PBXSourcesBuildPhase;
			buildActionMask = 2147483647;
			files = (
				8A8E3D68200BF5880054910D /* DecisionHelperTests.swift in Sources */,
			);
			runOnlyForDeploymentPostprocessing = 0;
		};
		8A8E3D6A200BF5890054910D /* Sources */ = {
			isa = PBXSourcesBuildPhase;
			buildActionMask = 2147483647;
			files = (
				8A8E3D73200BF5890054910D /* DecisionHelperUITests.swift in Sources */,
			);
			runOnlyForDeploymentPostprocessing = 0;
		};
/* End PBXSourcesBuildPhase section */

/* Begin PBXTargetDependency section */
		8A8E3D65200BF5880054910D /* PBXTargetDependency */ = {
			isa = PBXTargetDependency;
			target = 8A8E3D4E200BF5880054910D /* DecisionHelper */;
			targetProxy = 8A8E3D64200BF5880054910D /* PBXContainerItemProxy */;
		};
		8A8E3D70200BF5890054910D /* PBXTargetDependency */ = {
			isa = PBXTargetDependency;
			target = 8A8E3D4E200BF5880054910D /* DecisionHelper */;
			targetProxy = 8A8E3D6F200BF5890054910D /* PBXContainerItemProxy */;
		};
/* End PBXTargetDependency section */

/* Begin PBXVariantGroup section */
		8A8E3D56200BF5880054910D /* Main.storyboard */ = {
			isa = PBXVariantGroup;
			children = (
				8A8E3D57200BF5880054910D /* Base */,
			);
			name = Main.storyboard;
			sourceTree = "<group>";
		};
/* End PBXVariantGroup section */

/* Begin XCBuildConfiguration section */
		8A8E3D75200BF5890054910D /* Debug */ = {
			isa = XCBuildConfiguration;
			buildSettings = {
				ALWAYS_SEARCH_USER_PATHS = NO;
				CLANG_ANALYZER_NONNULL = YES;
				CLANG_ANALYZER_NUMBER_OBJECT_CONVERSION = YES_AGGRESSIVE;
				CLANG_CXX_LANGUAGE_STANDARD = "gnu++14";
				CLANG_CXX_LIBRARY = "libc++";
				CLANG_ENABLE_MODULES = YES;
				CLANG_ENABLE_OBJC_ARC = YES;
				CLANG_WARN_BLOCK_CAPTURE_AUTORELEASING = YES;
				CLANG_WARN_BOOL_CONVERSION = YES;
				CLANG_WARN_COMMA = YES;
				CLANG_WARN_CONSTANT_CONVERSION = YES;
				CLANG_WARN_DIRECT_OBJC_ISA_USAGE = YES_ERROR;
				CLANG_WARN_DOCUMENTATION_COMMENTS = YES;
				CLANG_WARN_EMPTY_BODY = YES;
				CLANG_WARN_ENUM_CONVERSION = YES;
				CLANG_WARN_INFINITE_RECURSION = YES;
				CLANG_WARN_INT_CONVERSION = YES;
				CLANG_WARN_NON_LITERAL_NULL_CONVERSION = YES;
				CLANG_WARN_OBJC_LITERAL_CONVERSION = YES;
				CLANG_WARN_OBJC_ROOT_CLASS = YES_ERROR;
				CLANG_WARN_RANGE_LOOP_ANALYSIS = YES;
				CLANG_WARN_STRICT_PROTOTYPES = YES;
				CLANG_WARN_SUSPICIOUS_MOVE = YES;
				CLANG_WARN_UNGUARDED_AVAILABILITY = YES_AGGRESSIVE;
				CLANG_WARN_UNREACHABLE_CODE = YES;
				CLANG_WARN__DUPLICATE_METHOD_MATCH = YES;
				CODE_SIGN_IDENTITY = "iPhone Developer";
				COPY_PHASE_STRIP = NO;
				DEBUG_INFORMATION_FORMAT = dwarf;
				ENABLE_STRICT_OBJC_MSGSEND = YES;
				ENABLE_TESTABILITY = YES;
				GCC_C_LANGUAGE_STANDARD = gnu11;
				GCC_DYNAMIC_NO_PIC = NO;
				GCC_NO_COMMON_BLOCKS = YES;
				GCC_OPTIMIZATION_LEVEL = 0;
				GCC_PREPROCESSOR_DEFINITIONS = (
					"DEBUG=1",
					"$(inherited)",
				);
				GCC_WARN_64_TO_32_BIT_CONVERSION = YES;
				GCC_WARN_ABOUT_RETURN_TYPE = YES_ERROR;
				GCC_WARN_UNDECLARED_SELECTOR = YES;
				GCC_WARN_UNINITIALIZED_AUTOS = YES_AGGRESSIVE;
				GCC_WARN_UNUSED_FUNCTION = YES;
				GCC_WARN_UNUSED_VARIABLE = YES;
				IPHONEOS_DEPLOYMENT_TARGET = 11.0;
				MTL_ENABLE_DEBUG_INFO = YES;
				ONLY_ACTIVE_ARCH = YES;
				SDKROOT = iphoneos;
				SWIFT_ACTIVE_COMPILATION_CONDITIONS = DEBUG;
				SWIFT_OPTIMIZATION_LEVEL = "-Onone";
			};
			name = Debug;
		};
		8A8E3D76200BF5890054910D /* Release */ = {
			isa = XCBuildConfiguration;
			buildSettings = {
				ALWAYS_SEARCH_USER_PATHS = NO;
				CLANG_ANALYZER_NONNULL = YES;
				CLANG_ANALYZER_NUMBER_OBJECT_CONVERSION = YES_AGGRESSIVE;
				CLANG_CXX_LANGUAGE_STANDARD = "gnu++14";
				CLANG_CXX_LIBRARY = "libc++";
				CLANG_ENABLE_MODULES = YES;
				CLANG_ENABLE_OBJC_ARC = YES;
				CLANG_WARN_BLOCK_CAPTURE_AUTORELEASING = YES;
				CLANG_WARN_BOOL_CONVERSION = YES;
				CLANG_WARN_COMMA = YES;
				CLANG_WARN_CONSTANT_CONVERSION = YES;
				CLANG_WARN_DIRECT_OBJC_ISA_USAGE = YES_ERROR;
				CLANG_WARN_DOCUMENTATION_COMMENTS = YES;
				CLANG_WARN_EMPTY_BODY = YES;
				CLANG_WARN_ENUM_CONVERSION = YES;
				CLANG_WARN_INFINITE_RECURSION = YES;
				CLANG_WARN_INT_CONVERSION = YES;
				CLANG_WARN_NON_LITERAL_NULL_CONVERSION = YES;
				CLANG_WARN_OBJC_LITERAL_CONVERSION = YES;
				CLANG_WARN_OBJC_ROOT_CLASS = YES_ERROR;
				CLANG_WARN_RANGE_LOOP_ANALYSIS = YES;
				CLANG_WARN_STRICT_PROTOTYPES = YES;
				CLANG_WARN_SUSPICIOUS_MOVE = YES;
				CLANG_WARN_UNGUARDED_AVAILABILITY = YES_AGGRESSIVE;
				CLANG_WARN_UNREACHABLE_CODE = YES;
				CLANG_WARN__DUPLICATE_METHOD_MATCH = YES;
				CODE_SIGN_IDENTITY = "iPhone Developer";
				COPY_PHASE_STRIP = NO;
				DEBUG_INFORMATION_FORMAT = "dwarf-with-dsym";
				ENABLE_NS_ASSERTIONS = NO;
				ENABLE_STRICT_OBJC_MSGSEND = YES;
				GCC_C_LANGUAGE_STANDARD = gnu11;
				GCC_NO_COMMON_BLOCKS = YES;
				GCC_WARN_64_TO_32_BIT_CONVERSION = YES;
				GCC_WARN_ABOUT_RETURN_TYPE = YES_ERROR;
				GCC_WARN_UNDECLARED_SELECTOR = YES;
				GCC_WARN_UNINITIALIZED_AUTOS = YES_AGGRESSIVE;
				GCC_WARN_UNUSED_FUNCTION = YES;
				GCC_WARN_UNUSED_VARIABLE = YES;
				IPHONEOS_DEPLOYMENT_TARGET = 11.0;
				MTL_ENABLE_DEBUG_INFO = NO;
				SDKROOT = iphoneos;
				SWIFT_OPTIMIZATION_LEVEL = "-Owholemodule";
				VALIDATE_PRODUCT = YES;
			};
			name = Release;
		};
		8A8E3D78200BF5890054910D /* Debug */ = {
			isa = XCBuildConfiguration;
			buildSettings = {
				ASSETCATALOG_COMPILER_APPICON_NAME = AppIcon;
				CODE_SIGN_STYLE = Automatic;
				DEVELOPMENT_TEAM = 2HPGZ35S8M;
				INFOPLIST_FILE = DecisionHelper/Info.plist;
				LD_RUNPATH_SEARCH_PATHS = "$(inherited) @executable_path/Frameworks";
				PRODUCT_BUNDLE_IDENTIFIER = com.alexey.altunin.DecisionHelper;
				PRODUCT_NAME = "$(TARGET_NAME)";
				SWIFT_VERSION = 4.0;
				TARGETED_DEVICE_FAMILY = "1,2";
			};
			name = Debug;
		};
		8A8E3D79200BF5890054910D /* Release */ = {
			isa = XCBuildConfiguration;
			buildSettings = {
				ASSETCATALOG_COMPILER_APPICON_NAME = AppIcon;
				CODE_SIGN_STYLE = Automatic;
				DEVELOPMENT_TEAM = 2HPGZ35S8M;
				INFOPLIST_FILE = DecisionHelper/Info.plist;
				LD_RUNPATH_SEARCH_PATHS = "$(inherited) @executable_path/Frameworks";
				PRODUCT_BUNDLE_IDENTIFIER = com.alexey.altunin.DecisionHelper;
				PRODUCT_NAME = "$(TARGET_NAME)";
				SWIFT_VERSION = 4.0;
				TARGETED_DEVICE_FAMILY = "1,2";
			};
			name = Release;
		};
		8A8E3D7B200BF5890054910D /* Debug */ = {
			isa = XCBuildConfiguration;
			buildSettings = {
				ALWAYS_EMBED_SWIFT_STANDARD_LIBRARIES = YES;
				BUNDLE_LOADER = "$(TEST_HOST)";
				CODE_SIGN_STYLE = Automatic;
				DEVELOPMENT_TEAM = 2HPGZ35S8M;
				INFOPLIST_FILE = DecisionHelperTests/Info.plist;
				LD_RUNPATH_SEARCH_PATHS = "$(inherited) @executable_path/Frameworks @loader_path/Frameworks";
				PRODUCT_BUNDLE_IDENTIFIER = com.alexey.altunin.DecisionHelperTests;
				PRODUCT_NAME = "$(TARGET_NAME)";
				SWIFT_VERSION = 4.0;
				TARGETED_DEVICE_FAMILY = "1,2";
				TEST_HOST = "$(BUILT_PRODUCTS_DIR)/DecisionHelper.app/DecisionHelper";
			};
			name = Debug;
		};
		8A8E3D7C200BF5890054910D /* Release */ = {
			isa = XCBuildConfiguration;
			buildSettings = {
				ALWAYS_EMBED_SWIFT_STANDARD_LIBRARIES = YES;
				BUNDLE_LOADER = "$(TEST_HOST)";
				CODE_SIGN_STYLE = Automatic;
				DEVELOPMENT_TEAM = 2HPGZ35S8M;
				INFOPLIST_FILE = DecisionHelperTests/Info.plist;
				LD_RUNPATH_SEARCH_PATHS = "$(inherited) @executable_path/Frameworks @loader_path/Frameworks";
				PRODUCT_BUNDLE_IDENTIFIER = com.alexey.altunin.DecisionHelperTests;
				PRODUCT_NAME = "$(TARGET_NAME)";
				SWIFT_VERSION = 4.0;
				TARGETED_DEVICE_FAMILY = "1,2";
				TEST_HOST = "$(BUILT_PRODUCTS_DIR)/DecisionHelper.app/DecisionHelper";
			};
			name = Release;
		};
		8A8E3D7E200BF5890054910D /* Debug */ = {
			isa = XCBuildConfiguration;
			buildSettings = {
				ALWAYS_EMBED_SWIFT_STANDARD_LIBRARIES = YES;
				CODE_SIGN_STYLE = Automatic;
				DEVELOPMENT_TEAM = 2HPGZ35S8M;
				INFOPLIST_FILE = DecisionHelperUITests/Info.plist;
				LD_RUNPATH_SEARCH_PATHS = "$(inherited) @executable_path/Frameworks @loader_path/Frameworks";
				PRODUCT_BUNDLE_IDENTIFIER = com.alexey.altunin.DecisionHelperUITests;
				PRODUCT_NAME = "$(TARGET_NAME)";
				SWIFT_VERSION = 4.0;
				TARGETED_DEVICE_FAMILY = "1,2";
				TEST_TARGET_NAME = DecisionHelper;
			};
			name = Debug;
		};
		8A8E3D7F200BF5890054910D /* Release */ = {
			isa = XCBuildConfiguration;
			buildSettings = {
				ALWAYS_EMBED_SWIFT_STANDARD_LIBRARIES = YES;
				CODE_SIGN_STYLE = Automatic;
				DEVELOPMENT_TEAM = 2HPGZ35S8M;
				INFOPLIST_FILE = DecisionHelperUITests/Info.plist;
				LD_RUNPATH_SEARCH_PATHS = "$(inherited) @executable_path/Frameworks @loader_path/Frameworks";
				PRODUCT_BUNDLE_IDENTIFIER = com.alexey.altunin.DecisionHelperUITests;
				PRODUCT_NAME = "$(TARGET_NAME)";
				SWIFT_VERSION = 4.0;
				TARGETED_DEVICE_FAMILY = "1,2";
				TEST_TARGET_NAME = DecisionHelper;
			};
			name = Release;
		};
/* End XCBuildConfiguration section */

/* Begin XCConfigurationList section */
		8A8E3D4A200BF5880054910D /* Build configuration list for PBXProject "DecisionHelper" */ = {
			isa = XCConfigurationList;
			buildConfigurations = (
				8A8E3D75200BF5890054910D /* Debug */,
				8A8E3D76200BF5890054910D /* Release */,
			);
			defaultConfigurationIsVisible = 0;
			defaultConfigurationName = Release;
		};
		8A8E3D77200BF5890054910D /* Build configuration list for PBXNativeTarget "DecisionHelper" */ = {
			isa = XCConfigurationList;
			buildConfigurations = (
				8A8E3D78200BF5890054910D /* Debug */,
				8A8E3D79200BF5890054910D /* Release */,
			);
			defaultConfigurationIsVisible = 0;
			defaultConfigurationName = Release;
		};
		8A8E3D7A200BF5890054910D /* Build configuration list for PBXNativeTarget "DecisionHelperTests" */ = {
			isa = XCConfigurationList;
			buildConfigurations = (
				8A8E3D7B200BF5890054910D /* Debug */,
				8A8E3D7C200BF5890054910D /* Release */,
			);
			defaultConfigurationIsVisible = 0;
			defaultConfigurationName = Release;
		};
		8A8E3D7D200BF5890054910D /* Build configuration list for PBXNativeTarget "DecisionHelperUITests" */ = {
			isa = XCConfigurationList;
			buildConfigurations = (
				8A8E3D7E200BF5890054910D /* Debug */,
				8A8E3D7F200BF5890054910D /* Release */,
			);
			defaultConfigurationIsVisible = 0;
			defaultConfigurationName = Release;
		};
/* End XCConfigurationList section */
	};
	rootObject = 8A8E3D47200BF5880054910D /* Project object */;
}
